
Microsoft Visual Studio Solution File, Format Version 12.00
# Visual Studio Version 17
VisualStudioVersion = 17.14.36203.30 d17.14
MinimumVisualStudioVersion = 10.0.40219.1
Project("{FAE04EC0-301F-11D3-BF4B-00C04F79EFBC}") = "StudentDemoProject", "StudentDemoProject\StudentDemoProject.csproj", "{7C7B62CC-6D14-44EB-94E5-FCBB5A821A9B}"
EndProject
Global
	GlobalSection(SolutionConfigurationPlatforms) = preSolution
		Debug|Any CPU = Debug|Any CPU
		Release|Any CPU = Release|Any CPU
	EndGlobalSection
	GlobalSection(ProjectConfigurationPlatforms) = postSolution
		{7C7B62CC-6D14-44EB-94E5-FCBB5A821A9B}.Debug|Any CPU.ActiveCfg = Debug|Any CPU
		{7C7B62CC-6D14-44EB-94E5-FCBB5A821A9B}.Debug|Any CPU.Build.0 = Debug|Any CPU
		{7C7B62CC-6D14-44EB-94E5-FCBB5A821A9B}.Release|Any CPU.ActiveCfg = Release|Any CPU
		{7C7B62CC-6D14-44EB-94E5-FCBB5A821A9B}.Release|Any CPU.Build.0 = Release|Any CPU
	EndGlobalSection
	GlobalSection(SolutionProperties) = preSolution
		HideSolutionNode = FALSE
	EndGlobalSection
	GlobalSection(ExtensibilityGlobals) = postSolution
		SolutionGuid = {45E800B7-24FD-4423-A224-85B66C1C3CBA}
	EndGlobalSection
EndGlobal
