
Microsoft Visual Studio Solution File, Format Version 12.00
# Visual Studio Version 17
VisualStudioVersion = 17.14.36203.30 d17.14
MinimumVisualStudioVersion = 10.0.40219.1
Project("{FAE04EC0-301F-11D3-BF4B-00C04F79EFBC}") = "WebApplication1", "WebApplication1\WebApplication1.csproj", "{185E5B9D-A650-4E71-85E4-A70DB249CCF8}"
EndProject
Global
	GlobalSection(SolutionConfigurationPlatforms) = preSolution
		Debug|Any CPU = Debug|Any CPU
		Release|Any CPU = Release|Any CPU
	EndGlobalSection
	GlobalSection(ProjectConfigurationPlatforms) = postSolution
		{185E5B9D-A650-4E71-85E4-A70DB249CCF8}.Debug|Any CPU.ActiveCfg = Debug|Any CPU
		{185E5B9D-A650-4E71-85E4-A70DB249CCF8}.Debug|Any CPU.Build.0 = Debug|Any CPU
		{185E5B9D-A650-4E71-85E4-A70DB249CCF8}.Release|Any CPU.ActiveCfg = Release|Any CPU
		{185E5B9D-A650-4E71-85E4-A70DB249CCF8}.Release|Any CPU.Build.0 = Release|Any CPU
	EndGlobalSection
	GlobalSection(SolutionProperties) = preSolution
		HideSolutionNode = FALSE
	EndGlobalSection
	GlobalSection(ExtensibilityGlobals) = postSolution
		SolutionGuid = {5A5ED730-912B-4441-B9C7-25A423440C01}
	EndGlobalSection
EndGlobal
