
Microsoft Visual Studio Solution File, Format Version 12.00
# Visual Studio Version 17
VisualStudioVersion = 17.14.36203.30 d17.14
MinimumVisualStudioVersion = 10.0.40219.1
Project("{FAE04EC0-301F-11D3-BF4B-00C04F79EFBC}") = "LinqExample", "LinqExample\LinqExample.csproj", "{C0DA9D65-0DE1-4E9A-9F05-F596A6F15FF4}"
EndProject
Global
	GlobalSection(SolutionConfigurationPlatforms) = preSolution
		Debug|Any CPU = Debug|Any CPU
		Release|Any CPU = Release|Any CPU
	EndGlobalSection
	GlobalSection(ProjectConfigurationPlatforms) = postSolution
		{C0DA9D65-0DE1-4E9A-9F05-F596A6F15FF4}.Debug|Any CPU.ActiveCfg = Debug|Any CPU
		{C0DA9D65-0DE1-4E9A-9F05-F596A6F15FF4}.Debug|Any CPU.Build.0 = Debug|Any CPU
		{C0DA9D65-0DE1-4E9A-9F05-F596A6F15FF4}.Release|Any CPU.ActiveCfg = Release|Any CPU
		{C0DA9D65-0DE1-4E9A-9F05-F596A6F15FF4}.Release|Any CPU.Build.0 = Release|Any CPU
	EndGlobalSection
	GlobalSection(SolutionProperties) = preSolution
		HideSolutionNode = FALSE
	EndGlobalSection
	GlobalSection(ExtensibilityGlobals) = postSolution
		SolutionGuid = {0A7459D4-8F19-43DB-BA9A-BC33679F3CD7}
	EndGlobalSection
EndGlobal
